<?xml version="1.0" encoding="UTF-8"?>
<!DOCTYPE plist PUBLIC "-//Apple//DTD PLIST 1.0//EN" "http://www.apple.com/DTDs/PropertyList-1.0.dtd">
<plist version="1.0">
<dict>
	<key>archiveVersion</key>
	<string>1</string>
	<key>classes</key>
	<dict/>
	<key>objectVersion</key>
	<string>46</string>
	<key>objects</key>
	<dict>
		<key>1BED3E849419451C969E1D32</key>
		<dict>
			<key>buildActionMask</key>
			<string>2147483647</string>
			<key>files</key>
			<array/>
			<key>inputPaths</key>
			<array/>
			<key>isa</key>
			<string>PBXShellScriptBuildPhase</string>
			<key>name</key>
			<string>Check Pods Manifest.lock</string>
			<key>outputPaths</key>
			<array/>
			<key>runOnlyForDeploymentPostprocessing</key>
			<string>0</string>
			<key>shellPath</key>
			<string>/bin/sh</string>
			<key>shellScript</key>
			<string>diff "${PODS_ROOT}/../Podfile.lock" "${PODS_ROOT}/Manifest.lock" &gt; /dev/null
if [[ $? != 0 ]] ; then
    cat &lt;&lt; EOM
error: The sandbox is not in sync with the Podfile.lock. Run 'pod install' or update your CocoaPods installation.
EOM
    exit 1
fi
</string>
			<key>showEnvVarsInLog</key>
			<string>0</string>
		</dict>
		<key>29892096F494432FACD88C64</key>
		<dict>
			<key>buildActionMask</key>
			<string>2147483647</string>
			<key>files</key>
			<array/>
			<key>inputPaths</key>
			<array/>
			<key>isa</key>
			<string>PBXShellScriptBuildPhase</string>
			<key>name</key>
			<string>Copy Pods Resources</string>
			<key>outputPaths</key>
			<array/>
			<key>runOnlyForDeploymentPostprocessing</key>
			<string>0</string>
			<key>shellPath</key>
			<string>/bin/sh</string>
			<key>shellScript</key>
			<string>"${SRCROOT}/Pods/Target Support Files/Pods-PMValidationTests/Pods-PMValidationTests-resources.sh"
</string>
			<key>showEnvVarsInLog</key>
			<string>0</string>
		</dict>
		<key>3797839C8AAC93829E066895</key>
		<dict>
			<key>children</key>
			<array>
				<string>E6FD88180A0F5E52DB28B52F</string>
				<string>E6610D8A2398F9D3CA53614E</string>
			</array>
			<key>isa</key>
			<string>PBXGroup</string>
			<key>name</key>
			<string>Pods</string>
			<key>sourceTree</key>
			<string>&lt;group&gt;</string>
		</dict>
		<key>6B2C487F85EE480AB486310F</key>
		<dict>
			<key>explicitFileType</key>
			<string>archive.ar</string>
			<key>includeInIndex</key>
			<string>0</string>
			<key>isa</key>
			<string>PBXFileReference</string>
			<key>path</key>
			<string>libPods-PMValidationTests.a</string>
			<key>sourceTree</key>
			<string>BUILT_PRODUCTS_DIR</string>
		</dict>
		<key>8B88A04F18E3BC75006C2963</key>
		<dict>
			<key>fileEncoding</key>
			<string>4</string>
			<key>isa</key>
			<string>PBXFileReference</string>
			<key>lastKnownFileType</key>
			<string>sourcecode.c.objc</string>
			<key>name</key>
			<string>PMValidationStringCompareTypeSpec.m</string>
			<key>path</key>
			<string>Specs/PMValidationStringCompareTypeSpec.m</string>
			<key>sourceTree</key>
			<string>&lt;group&gt;</string>
		</dict>
		<key>8B88A05018E3BC75006C2963</key>
		<dict>
			<key>fileRef</key>
			<string>8B88A04F18E3BC75006C2963</string>
			<key>isa</key>
			<string>PBXBuildFile</string>
		</dict>
		<key>8B88A05118E3C293006C2963</key>
		<dict>
			<key>fileEncoding</key>
			<string>4</string>
			<key>isa</key>
			<string>PBXFileReference</string>
			<key>lastKnownFileType</key>
			<string>sourcecode.c.objc</string>
			<key>name</key>
			<string>PMValidationEmailTypeSpec.m</string>
			<key>path</key>
			<string>Specs/PMValidationEmailTypeSpec.m</string>
			<key>sourceTree</key>
			<string>&lt;group&gt;</string>
		</dict>
		<key>8B88A05218E3C293006C2963</key>
		<dict>
			<key>fileRef</key>
			<string>8B88A05118E3C293006C2963</string>
			<key>isa</key>
			<string>PBXBuildFile</string>
		</dict>
		<key>8B88A05318E3D4BD006C2963</key>
		<dict>
			<key>fileEncoding</key>
			<string>4</string>
			<key>isa</key>
			<string>PBXFileReference</string>
			<key>lastKnownFileType</key>
			<string>sourcecode.c.objc</string>
			<key>name</key>
			<string>PMValidationRegexTypeSpec.m</string>
			<key>path</key>
			<string>Specs/PMValidationRegexTypeSpec.m</string>
			<key>sourceTree</key>
			<string>&lt;group&gt;</string>
		</dict>
		<key>8B88A05418E3D4BD006C2963</key>
		<dict>
			<key>fileRef</key>
			<string>8B88A05318E3D4BD006C2963</string>
			<key>isa</key>
			<string>PBXBuildFile</string>
		</dict>
		<key>8B88A05518E3F4D3006C2963</key>
		<dict>
			<key>fileEncoding</key>
			<string>4</string>
			<key>isa</key>
			<string>PBXFileReference</string>
			<key>lastKnownFileType</key>
			<string>sourcecode.c.objc</string>
			<key>name</key>
			<string>PMValidationUITextCompareTypeSpec.m</string>
			<key>path</key>
			<string>Specs/PMValidationUITextCompareTypeSpec.m</string>
			<key>sourceTree</key>
			<string>&lt;group&gt;</string>
		</dict>
		<key>8B88A05618E3F4D3006C2963</key>
		<dict>
			<key>fileRef</key>
			<string>8B88A05518E3F4D3006C2963</string>
			<key>isa</key>
			<string>PBXBuildFile</string>
		</dict>
		<key>8B88A05718E408D4006C2963</key>
		<dict>
			<key>fileEncoding</key>
			<string>4</string>
			<key>isa</key>
			<string>PBXFileReference</string>
			<key>lastKnownFileType</key>
			<string>sourcecode.c.objc</string>
			<key>name</key>
			<string>PMValidationManagerSpec.m</string>
			<key>path</key>
			<string>Specs/PMValidationManagerSpec.m</string>
			<key>sourceTree</key>
			<string>&lt;group&gt;</string>
		</dict>
		<key>8B88A05818E408D4006C2963</key>
		<dict>
			<key>fileRef</key>
			<string>8B88A05718E408D4006C2963</string>
			<key>isa</key>
			<string>PBXBuildFile</string>
		</dict>
		<key>8BA08FF518E2635C00E431E2</key>
		<dict>
			<key>children</key>
			<array>
				<string>8BA08FF618E2635C00E431E2</string>
				<string>8BA08FF718E2635C00E431E2</string>
				<string>8BA08FF818E2635C00E431E2</string>
				<string>8BA08FF918E2635C00E431E2</string>
				<string>8BA08FFA18E2635C00E431E2</string>
			</array>
			<key>isa</key>
			<string>PBXGroup</string>
			<key>name</key>
			<string>Classes</string>
			<key>path</key>
			<string>../Classes</string>
			<key>sourceTree</key>
			<string>&lt;group&gt;</string>
		</dict>
		<key>8BA08FF618E2635C00E431E2</key>
		<dict>
			<key>fileEncoding</key>
			<string>4</string>
			<key>isa</key>
			<string>PBXFileReference</string>
			<key>lastKnownFileType</key>
			<string>sourcecode.c.h</string>
			<key>path</key>
			<string>PMValidationManager.h</string>
			<key>sourceTree</key>
			<string>&lt;group&gt;</string>
		</dict>
		<key>8BA08FF718E2635C00E431E2</key>
		<dict>
			<key>fileEncoding</key>
			<string>4</string>
			<key>isa</key>
			<string>PBXFileReference</string>
			<key>lastKnownFileType</key>
			<string>sourcecode.c.objc</string>
			<key>path</key>
			<string>PMValidationManager.m</string>
			<key>sourceTree</key>
			<string>&lt;group&gt;</string>
		</dict>
		<key>8BA08FF818E2635C00E431E2</key>
		<dict>
			<key>fileEncoding</key>
			<string>4</string>
			<key>isa</key>
			<string>PBXFileReference</string>
			<key>lastKnownFileType</key>
			<string>sourcecode.c.h</string>
			<key>path</key>
			<string>PMValidationUnit.h</string>
			<key>sourceTree</key>
			<string>&lt;group&gt;</string>
		</dict>
		<key>8BA08FF918E2635C00E431E2</key>
		<dict>
			<key>fileEncoding</key>
			<string>4</string>
			<key>isa</key>
			<string>PBXFileReference</string>
			<key>lastKnownFileType</key>
			<string>sourcecode.c.objc</string>
			<key>path</key>
			<string>PMValidationUnit.m</string>
			<key>sourceTree</key>
			<string>&lt;group&gt;</string>
		</dict>
		<key>8BA08FFA18E2635C00E431E2</key>
		<dict>
			<key>children</key>
			<array>
				<string>8BA08FFB18E2635C00E431E2</string>
				<string>8BA08FFC18E2635C00E431E2</string>
				<string>8BA08FFD18E2635C00E431E2</string>
				<string>8BA08FFE18E2635C00E431E2</string>
				<string>8BA08FFF18E2635C00E431E2</string>
				<string>8BA0900018E2635C00E431E2</string>
				<string>8BA0900118E2635C00E431E2</string>
				<string>8BA0900218E2635C00E431E2</string>
				<string>8BA0900318E2635C00E431E2</string>
				<string>8BA0900418E2635C00E431E2</string>
				<string>8BA0900518E2635C00E431E2</string>
				<string>8BA0900618E2635C00E431E2</string>
			</array>
			<key>isa</key>
			<string>PBXGroup</string>
			<key>path</key>
			<string>ValidationTypes</string>
			<key>sourceTree</key>
			<string>&lt;group&gt;</string>
		</dict>
		<key>8BA08FFB18E2635C00E431E2</key>
		<dict>
			<key>fileEncoding</key>
			<string>4</string>
			<key>isa</key>
			<string>PBXFileReference</string>
			<key>lastKnownFileType</key>
			<string>sourcecode.c.h</string>
			<key>path</key>
			<string>PMValidationEmailType.h</string>
			<key>sourceTree</key>
			<string>&lt;group&gt;</string>
		</dict>
		<key>8BA08FFC18E2635C00E431E2</key>
		<dict>
			<key>fileEncoding</key>
			<string>4</string>
			<key>isa</key>
			<string>PBXFileReference</string>
			<key>lastKnownFileType</key>
			<string>sourcecode.c.objc</string>
			<key>path</key>
			<string>PMValidationEmailType.m</string>
			<key>sourceTree</key>
			<string>&lt;group&gt;</string>
		</dict>
		<key>8BA08FFD18E2635C00E431E2</key>
		<dict>
			<key>fileEncoding</key>
			<string>4</string>
			<key>isa</key>
			<string>PBXFileReference</string>
			<key>lastKnownFileType</key>
			<string>sourcecode.c.h</string>
			<key>path</key>
			<string>PMValidationLengthType.h</string>
			<key>sourceTree</key>
			<string>&lt;group&gt;</string>
		</dict>
		<key>8BA08FFE18E2635C00E431E2</key>
		<dict>
			<key>fileEncoding</key>
			<string>4</string>
			<key>isa</key>
			<string>PBXFileReference</string>
			<key>lastKnownFileType</key>
			<string>sourcecode.c.objc</string>
			<key>path</key>
			<string>PMValidationLengthType.m</string>
			<key>sourceTree</key>
			<string>&lt;group&gt;</string>
		</dict>
		<key>8BA08FFF18E2635C00E431E2</key>
		<dict>
			<key>fileEncoding</key>
			<string>4</string>
			<key>isa</key>
			<string>PBXFileReference</string>
			<key>lastKnownFileType</key>
			<string>sourcecode.c.h</string>
			<key>path</key>
			<string>PMValidationRegexType.h</string>
			<key>sourceTree</key>
			<string>&lt;group&gt;</string>
		</dict>
		<key>8BA0900018E2635C00E431E2</key>
		<dict>
			<key>fileEncoding</key>
			<string>4</string>
			<key>isa</key>
			<string>PBXFileReference</string>
			<key>lastKnownFileType</key>
			<string>sourcecode.c.objc</string>
			<key>path</key>
			<string>PMValidationRegexType.m</string>
			<key>sourceTree</key>
			<string>&lt;group&gt;</string>
		</dict>
		<key>8BA0900118E2635C00E431E2</key>
		<dict>
			<key>fileEncoding</key>
			<string>4</string>
			<key>isa</key>
			<string>PBXFileReference</string>
			<key>lastKnownFileType</key>
			<string>sourcecode.c.h</string>
			<key>path</key>
			<string>PMValidationStringCompareType.h</string>
			<key>sourceTree</key>
			<string>&lt;group&gt;</string>
		</dict>
		<key>8BA0900218E2635C00E431E2</key>
		<dict>
			<key>fileEncoding</key>
			<string>4</string>
			<key>isa</key>
			<string>PBXFileReference</string>
			<key>lastKnownFileType</key>
			<string>sourcecode.c.objc</string>
			<key>path</key>
			<string>PMValidationStringCompareType.m</string>
			<key>sourceTree</key>
			<string>&lt;group&gt;</string>
		</dict>
		<key>8BA0900318E2635C00E431E2</key>
		<dict>
			<key>fileEncoding</key>
			<string>4</string>
			<key>isa</key>
			<string>PBXFileReference</string>
			<key>lastKnownFileType</key>
			<string>sourcecode.c.h</string>
			<key>path</key>
			<string>PMValidationType.h</string>
			<key>sourceTree</key>
			<string>&lt;group&gt;</string>
		</dict>
		<key>8BA0900418E2635C00E431E2</key>
		<dict>
			<key>fileEncoding</key>
			<string>4</string>
			<key>isa</key>
			<string>PBXFileReference</string>
			<key>lastKnownFileType</key>
			<string>sourcecode.c.objc</string>
			<key>path</key>
			<string>PMValidationType.m</string>
			<key>sourceTree</key>
			<string>&lt;group&gt;</string>
		</dict>
		<key>8BA0900518E2635C00E431E2</key>
		<dict>
			<key>fileEncoding</key>
			<string>4</string>
			<key>isa</key>
			<string>PBXFileReference</string>
			<key>lastKnownFileType</key>
			<string>sourcecode.c.h</string>
			<key>path</key>
			<string>PMValidationUITextCompareType.h</string>
			<key>sourceTree</key>
			<string>&lt;group&gt;</string>
		</dict>
		<key>8BA0900618E2635C00E431E2</key>
		<dict>
			<key>fileEncoding</key>
			<string>4</string>
			<key>isa</key>
			<string>PBXFileReference</string>
			<key>lastKnownFileType</key>
			<string>sourcecode.c.objc</string>
			<key>path</key>
			<string>PMValidationUITextCompareType.m</string>
			<key>sourceTree</key>
			<string>&lt;group&gt;</string>
		</dict>
		<key>8BA0900718E2635C00E431E2</key>
		<dict>
			<key>fileRef</key>
			<string>8BA08FF718E2635C00E431E2</string>
			<key>isa</key>
			<string>PBXBuildFile</string>
		</dict>
		<key>8BA0900818E2635C00E431E2</key>
		<dict>
			<key>fileRef</key>
			<string>8BA08FF918E2635C00E431E2</string>
			<key>isa</key>
			<string>PBXBuildFile</string>
		</dict>
		<key>8BA0900918E2635C00E431E2</key>
		<dict>
			<key>fileRef</key>
			<string>8BA08FFC18E2635C00E431E2</string>
			<key>isa</key>
			<string>PBXBuildFile</string>
		</dict>
		<key>8BA0900A18E2635C00E431E2</key>
		<dict>
			<key>fileRef</key>
			<string>8BA08FFE18E2635C00E431E2</string>
			<key>isa</key>
			<string>PBXBuildFile</string>
		</dict>
		<key>8BA0900B18E2635C00E431E2</key>
		<dict>
			<key>fileRef</key>
			<string>8BA0900018E2635C00E431E2</string>
			<key>isa</key>
			<string>PBXBuildFile</string>
		</dict>
		<key>8BA0900C18E2635C00E431E2</key>
		<dict>
			<key>fileRef</key>
			<string>8BA0900218E2635C00E431E2</string>
			<key>isa</key>
			<string>PBXBuildFile</string>
		</dict>
		<key>8BA0900D18E2635C00E431E2</key>
		<dict>
			<key>fileRef</key>
			<string>8BA0900418E2635C00E431E2</string>
			<key>isa</key>
			<string>PBXBuildFile</string>
		</dict>
		<key>8BA0900E18E2635C00E431E2</key>
		<dict>
			<key>fileRef</key>
			<string>8BA0900618E2635C00E431E2</string>
			<key>isa</key>
			<string>PBXBuildFile</string>
		</dict>
		<key>8BA0901118E2658A00E431E2</key>
		<dict>
			<key>children</key>
			<array>
				<string>8BFAF37F18E3569C0031CB3E</string>
				<string>8BFAF37D18E269B50031CB3E</string>
				<string>8B88A05718E408D4006C2963</string>
			</array>
			<key>isa</key>
			<string>PBXGroup</string>
			<key>name</key>
			<string>Specs</string>
			<key>sourceTree</key>
			<string>&lt;group&gt;</string>
		</dict>
		<key>8BF05A6D18E259830065A6DD</key>
		<dict>
			<key>children</key>
			<array>
				<string>8BA08FF518E2635C00E431E2</string>
				<string>8BF05A8118E259B20065A6DD</string>
				<string>8BF05A7A18E259B20065A6DD</string>
				<string>8BF05A7918E259B20065A6DD</string>
				<string>3797839C8AAC93829E066895</string>
			</array>
			<key>isa</key>
			<string>PBXGroup</string>
			<key>sourceTree</key>
			<string>&lt;group&gt;</string>
		</dict>
		<key>8BF05A6E18E259830065A6DD</key>
		<dict>
			<key>attributes</key>
			<dict>
				<key>LastUpgradeCheck</key>
				<string>0510</string>
			</dict>
			<key>buildConfigurationList</key>
			<string>8BF05A7118E259830065A6DD</string>
			<key>compatibilityVersion</key>
			<string>Xcode 3.2</string>
			<key>developmentRegion</key>
			<string>English</string>
			<key>hasScannedForEncodings</key>
			<string>0</string>
			<key>isa</key>
			<string>PBXProject</string>
			<key>knownRegions</key>
			<array>
				<string>en</string>
			</array>
			<key>mainGroup</key>
			<string>8BF05A6D18E259830065A6DD</string>
			<key>productRefGroup</key>
			<string>8BF05A7918E259B20065A6DD</string>
			<key>projectDirPath</key>
			<string></string>
			<key>projectReferences</key>
			<array/>
			<key>projectRoot</key>
			<string></string>
			<key>targets</key>
			<array>
				<string>8BF05A7718E259B20065A6DD</string>
			</array>
		</dict>
		<key>8BF05A7118E259830065A6DD</key>
		<dict>
			<key>buildConfigurations</key>
			<array>
				<string>8BF05A7218E259830065A6DD</string>
				<string>8BF05A7318E259830065A6DD</string>
			</array>
			<key>defaultConfigurationIsVisible</key>
			<string>0</string>
			<key>defaultConfigurationName</key>
			<string>Release</string>
			<key>isa</key>
			<string>XCConfigurationList</string>
		</dict>
		<key>8BF05A7218E259830065A6DD</key>
		<dict>
			<key>buildSettings</key>
			<dict>
				<key>IPHONEOS_DEPLOYMENT_TARGET</key>
				<string>6.0</string>
				<key>ONLY_ACTIVE_ARCH</key>
				<string>YES</string>
			</dict>
			<key>isa</key>
			<string>XCBuildConfiguration</string>
			<key>name</key>
			<string>Debug</string>
		</dict>
		<key>8BF05A7318E259830065A6DD</key>
		<dict>
			<key>buildSettings</key>
			<dict>
				<key>IPHONEOS_DEPLOYMENT_TARGET</key>
				<string>6.0</string>
			</dict>
			<key>isa</key>
			<string>XCBuildConfiguration</string>
			<key>name</key>
			<string>Release</string>
		</dict>
		<key>8BF05A7418E259B20065A6DD</key>
		<dict>
			<key>buildActionMask</key>
			<string>2147483647</string>
			<key>files</key>
			<array>
				<string>8BA0900E18E2635C00E431E2</string>
				<string>8BFAF38118E357580031CB3E</string>
				<string>8B88A05818E408D4006C2963</string>
				<string>8B88A05418E3D4BD006C2963</string>
				<string>8B88A05218E3C293006C2963</string>
				<string>8BA0900918E2635C00E431E2</string>
				<string>8BA0900A18E2635C00E431E2</string>
				<string>8BF05A8818E259B20065A6DD</string>
				<string>8BA0900718E2635C00E431E2</string>
				<string>8BA0900C18E2635C00E431E2</string>
				<string>8B88A05618E3F4D3006C2963</string>
				<string>8BFAF37E18E269B50031CB3E</string>
				<string>8BA0900818E2635C00E431E2</string>
				<string>8B88A05018E3BC75006C2963</string>
				<string>8BA0900B18E2635C00E431E2</string>
				<string>8BA0900D18E2635C00E431E2</string>
			</array>
			<key>isa</key>
			<string>PBXSourcesBuildPhase</string>
			<key>runOnlyForDeploymentPostprocessing</key>
			<string>0</string>
		</dict>
		<key>8BF05A7518E259B20065A6DD</key>
		<dict>
			<key>buildActionMask</key>
			<string>2147483647</string>
			<key>files</key>
			<array>
				<string>8BF05A7C18E259B20065A6DD</string>
				<string>8BF05A8018E259B20065A6DD</string>
				<string>8BF05A7E18E259B20065A6DD</string>
				<string>B7CE0DA9606D469C86A39C7D</string>
			</array>
			<key>isa</key>
			<string>PBXFrameworksBuildPhase</string>
			<key>runOnlyForDeploymentPostprocessing</key>
			<string>0</string>
		</dict>
		<key>8BF05A7618E259B20065A6DD</key>
		<dict>
			<key>buildActionMask</key>
			<string>2147483647</string>
			<key>files</key>
			<array>
				<string>8BF05A8618E259B20065A6DD</string>
			</array>
			<key>isa</key>
			<string>PBXResourcesBuildPhase</string>
			<key>runOnlyForDeploymentPostprocessing</key>
			<string>0</string>
		</dict>
		<key>8BF05A7718E259B20065A6DD</key>
		<dict>
			<key>buildConfigurationList</key>
			<string>8BF05A8A18E259B20065A6DD</string>
			<key>buildPhases</key>
			<array>
				<string>1BED3E849419451C969E1D32</string>
				<string>8BF05A7418E259B20065A6DD</string>
				<string>8BF05A7518E259B20065A6DD</string>
				<string>8BF05A7618E259B20065A6DD</string>
				<string>29892096F494432FACD88C64</string>
			</array>
			<key>buildRules</key>
			<array/>
			<key>dependencies</key>
			<array/>
			<key>isa</key>
			<string>PBXNativeTarget</string>
			<key>name</key>
			<string>PMValidationTests</string>
			<key>productName</key>
			<string>PMValidationTests</string>
			<key>productReference</key>
			<string>8BF05A7818E259B20065A6DD</string>
			<key>productType</key>
			<string>com.apple.product-type.bundle.unit-test</string>
		</dict>
		<key>8BF05A7818E259B20065A6DD</key>
		<dict>
			<key>explicitFileType</key>
			<string>wrapper.cfbundle</string>
			<key>includeInIndex</key>
			<string>0</string>
			<key>isa</key>
			<string>PBXFileReference</string>
			<key>path</key>
			<string>PMValidationTests.xctest</string>
			<key>sourceTree</key>
			<string>BUILT_PRODUCTS_DIR</string>
		</dict>
		<key>8BF05A7918E259B20065A6DD</key>
		<dict>
			<key>children</key>
			<array>
				<string>8BF05A7818E259B20065A6DD</string>
			</array>
			<key>isa</key>
			<string>PBXGroup</string>
			<key>name</key>
			<string>Products</string>
			<key>sourceTree</key>
			<string>&lt;group&gt;</string>
		</dict>
		<key>8BF05A7A18E259B20065A6DD</key>
		<dict>
			<key>children</key>
			<array>
				<string>8BF05A7B18E259B20065A6DD</string>
				<string>8BF05A7D18E259B20065A6DD</string>
				<string>8BF05A7F18E259B20065A6DD</string>
				<string>6B2C487F85EE480AB486310F</string>
			</array>
			<key>isa</key>
			<string>PBXGroup</string>
			<key>name</key>
			<string>Frameworks</string>
			<key>sourceTree</key>
			<string>&lt;group&gt;</string>
		</dict>
		<key>8BF05A7B18E259B20065A6DD</key>
		<dict>
			<key>isa</key>
			<string>PBXFileReference</string>
			<key>lastKnownFileType</key>
			<string>wrapper.framework</string>
			<key>name</key>
			<string>XCTest.framework</string>
			<key>path</key>
			<string>Library/Frameworks/XCTest.framework</string>
			<key>sourceTree</key>
			<string>DEVELOPER_DIR</string>
		</dict>
		<key>8BF05A7C18E259B20065A6DD</key>
		<dict>
			<key>fileRef</key>
			<string>8BF05A7B18E259B20065A6DD</string>
			<key>isa</key>
			<string>PBXBuildFile</string>
		</dict>
		<key>8BF05A7D18E259B20065A6DD</key>
		<dict>
			<key>isa</key>
			<string>PBXFileReference</string>
			<key>lastKnownFileType</key>
			<string>wrapper.framework</string>
			<key>name</key>
			<string>Foundation.framework</string>
			<key>path</key>
			<string>Library/Frameworks/Foundation.framework</string>
			<key>sourceTree</key>
			<string>DEVELOPER_DIR</string>
		</dict>
		<key>8BF05A7E18E259B20065A6DD</key>
		<dict>
			<key>fileRef</key>
			<string>8BF05A7D18E259B20065A6DD</string>
			<key>isa</key>
			<string>PBXBuildFile</string>
		</dict>
		<key>8BF05A7F18E259B20065A6DD</key>
		<dict>
			<key>isa</key>
			<string>PBXFileReference</string>
			<key>lastKnownFileType</key>
			<string>wrapper.framework</string>
			<key>name</key>
			<string>UIKit.framework</string>
			<key>path</key>
			<string>Library/Frameworks/UIKit.framework</string>
			<key>sourceTree</key>
			<string>DEVELOPER_DIR</string>
		</dict>
		<key>8BF05A8018E259B20065A6DD</key>
		<dict>
			<key>fileRef</key>
			<string>8BF05A7F18E259B20065A6DD</string>
			<key>isa</key>
			<string>PBXBuildFile</string>
		</dict>
		<key>8BF05A8118E259B20065A6DD</key>
		<dict>
			<key>children</key>
			<array>
				<string>8BA0901118E2658A00E431E2</string>
				<string>8BF05A8718E259B20065A6DD</string>
				<string>8BF05A8218E259B20065A6DD</string>
			</array>
			<key>isa</key>
			<string>PBXGroup</string>
			<key>path</key>
			<string>PMValidationTests</string>
			<key>sourceTree</key>
			<string>&lt;group&gt;</string>
		</dict>
		<key>8BF05A8218E259B20065A6DD</key>
		<dict>
			<key>children</key>
			<array>
				<string>8BF05A8318E259B20065A6DD</string>
				<string>8BF05A8418E259B20065A6DD</string>
				<string>8BF05A8918E259B20065A6DD</string>
			</array>
			<key>isa</key>
			<string>PBXGroup</string>
			<key>name</key>
			<string>Supporting Files</string>
			<key>sourceTree</key>
			<string>&lt;group&gt;</string>
		</dict>
		<key>8BF05A8318E259B20065A6DD</key>
		<dict>
			<key>isa</key>
			<string>PBXFileReference</string>
			<key>lastKnownFileType</key>
			<string>text.plist.xml</string>
			<key>path</key>
			<string>PMValidationTests-Info.plist</string>
			<key>sourceTree</key>
			<string>&lt;group&gt;</string>
		</dict>
		<key>8BF05A8418E259B20065A6DD</key>
		<dict>
			<key>children</key>
			<array>
				<string>8BF05A8518E259B20065A6DD</string>
			</array>
			<key>isa</key>
			<string>PBXVariantGroup</string>
			<key>name</key>
			<string>InfoPlist.strings</string>
			<key>sourceTree</key>
			<string>&lt;group&gt;</string>
		</dict>
		<key>8BF05A8518E259B20065A6DD</key>
		<dict>
			<key>isa</key>
			<string>PBXFileReference</string>
			<key>lastKnownFileType</key>
			<string>text.plist.strings</string>
			<key>name</key>
			<string>en</string>
			<key>path</key>
			<string>en.lproj/InfoPlist.strings</string>
			<key>sourceTree</key>
			<string>&lt;group&gt;</string>
		</dict>
		<key>8BF05A8618E259B20065A6DD</key>
		<dict>
			<key>fileRef</key>
			<string>8BF05A8418E259B20065A6DD</string>
			<key>isa</key>
			<string>PBXBuildFile</string>
		</dict>
		<key>8BF05A8718E259B20065A6DD</key>
		<dict>
			<key>isa</key>
			<string>PBXFileReference</string>
			<key>lastKnownFileType</key>
			<string>sourcecode.c.objc</string>
			<key>path</key>
			<string>PMValidationTests.m</string>
			<key>sourceTree</key>
			<string>&lt;group&gt;</string>
		</dict>
		<key>8BF05A8818E259B20065A6DD</key>
		<dict>
			<key>fileRef</key>
			<string>8BF05A8718E259B20065A6DD</string>
			<key>isa</key>
			<string>PBXBuildFile</string>
		</dict>
		<key>8BF05A8918E259B20065A6DD</key>
		<dict>
			<key>isa</key>
			<string>PBXFileReference</string>
			<key>lastKnownFileType</key>
			<string>sourcecode.c.h</string>
			<key>path</key>
			<string>PMValidationTests-Prefix.pch</string>
			<key>sourceTree</key>
			<string>&lt;group&gt;</string>
		</dict>
		<key>8BF05A8A18E259B20065A6DD</key>
		<dict>
			<key>buildConfigurations</key>
			<array>
				<string>8BF05A8B18E259B20065A6DD</string>
				<string>8BF05A8C18E259B20065A6DD</string>
			</array>
			<key>defaultConfigurationIsVisible</key>
			<string>0</string>
			<key>defaultConfigurationName</key>
			<string>Release</string>
			<key>isa</key>
			<string>XCConfigurationList</string>
		</dict>
		<key>8BF05A8B18E259B20065A6DD</key>
		<dict>
			<key>baseConfigurationReference</key>
			<string>E6FD88180A0F5E52DB28B52F</string>
			<key>buildSettings</key>
			<dict>
				<key>ALWAYS_SEARCH_USER_PATHS</key>
				<string>NO</string>
				<key>CLANG_CXX_LANGUAGE_STANDARD</key>
				<string>gnu++0x</string>
				<key>CLANG_CXX_LIBRARY</key>
				<string>libc++</string>
				<key>CLANG_ENABLE_MODULES</key>
				<string>YES</string>
				<key>CLANG_ENABLE_OBJC_ARC</key>
				<string>YES</string>
				<key>CLANG_WARN_BOOL_CONVERSION</key>
				<string>YES</string>
				<key>CLANG_WARN_CONSTANT_CONVERSION</key>
				<string>YES</string>
				<key>CLANG_WARN_DIRECT_OBJC_ISA_USAGE</key>
				<string>YES_ERROR</string>
				<key>CLANG_WARN_EMPTY_BODY</key>
				<string>YES</string>
				<key>CLANG_WARN_ENUM_CONVERSION</key>
				<string>YES</string>
				<key>CLANG_WARN_INT_CONVERSION</key>
				<string>YES</string>
				<key>CLANG_WARN_OBJC_ROOT_CLASS</key>
				<string>YES_ERROR</string>
				<key>CLANG_WARN__DUPLICATE_METHOD_MATCH</key>
				<string>YES</string>
				<key>COPY_PHASE_STRIP</key>
				<string>NO</string>
				<key>FRAMEWORK_SEARCH_PATHS</key>
				<array>
					<string>$(SDKROOT)/Developer/Library/Frameworks</string>
					<string>$(inherited)</string>
					<string>$(DEVELOPER_FRAMEWORKS_DIR)</string>
				</array>
				<key>GCC_C_LANGUAGE_STANDARD</key>
				<string>gnu99</string>
				<key>GCC_DYNAMIC_NO_PIC</key>
				<string>NO</string>
				<key>GCC_OPTIMIZATION_LEVEL</key>
				<string>0</string>
				<key>GCC_PRECOMPILE_PREFIX_HEADER</key>
				<string>YES</string>
				<key>GCC_PREFIX_HEADER</key>
				<string>PMValidationTests/PMValidationTests-Prefix.pch</string>
				<key>GCC_PREPROCESSOR_DEFINITIONS</key>
				<array>
					<string>DEBUG=1</string>
					<string>$(inherited)</string>
				</array>
				<key>GCC_SYMBOLS_PRIVATE_EXTERN</key>
				<string>NO</string>
				<key>GCC_WARN_64_TO_32_BIT_CONVERSION</key>
				<string>YES</string>
				<key>GCC_WARN_ABOUT_RETURN_TYPE</key>
				<string>YES_ERROR</string>
				<key>GCC_WARN_UNDECLARED_SELECTOR</key>
				<string>YES</string>
				<key>GCC_WARN_UNINITIALIZED_AUTOS</key>
				<string>YES_AGGRESSIVE</string>
				<key>GCC_WARN_UNUSED_FUNCTION</key>
				<string>YES</string>
				<key>GCC_WARN_UNUSED_VARIABLE</key>
				<string>YES</string>
				<key>INFOPLIST_FILE</key>
				<string>PMValidationTests/PMValidationTests-Info.plist</string>
				<key>IPHONEOS_DEPLOYMENT_TARGET</key>
				<string>6.0</string>
				<key>ONLY_ACTIVE_ARCH</key>
				<string>YES</string>
				<key>PRODUCT_NAME</key>
				<string>$(TARGET_NAME)</string>
				<key>SDKROOT</key>
				<string>iphoneos</string>
				<key>WRAPPER_EXTENSION</key>
				<string>xctest</string>
			</dict>
			<key>isa</key>
			<string>XCBuildConfiguration</string>
			<key>name</key>
			<string>Debug</string>
		</dict>
		<key>8BF05A8C18E259B20065A6DD</key>
		<dict>
			<key>baseConfigurationReference</key>
			<string>E6610D8A2398F9D3CA53614E</string>
			<key>buildSettings</key>
			<dict>
				<key>ALWAYS_SEARCH_USER_PATHS</key>
				<string>NO</string>
				<key>CLANG_CXX_LANGUAGE_STANDARD</key>
				<string>gnu++0x</string>
				<key>CLANG_CXX_LIBRARY</key>
				<string>libc++</string>
				<key>CLANG_ENABLE_MODULES</key>
				<string>YES</string>
				<key>CLANG_ENABLE_OBJC_ARC</key>
				<string>YES</string>
				<key>CLANG_WARN_BOOL_CONVERSION</key>
				<string>YES</string>
				<key>CLANG_WARN_CONSTANT_CONVERSION</key>
				<string>YES</string>
				<key>CLANG_WARN_DIRECT_OBJC_ISA_USAGE</key>
				<string>YES_ERROR</string>
				<key>CLANG_WARN_EMPTY_BODY</key>
				<string>YES</string>
				<key>CLANG_WARN_ENUM_CONVERSION</key>
				<string>YES</string>
				<key>CLANG_WARN_INT_CONVERSION</key>
				<string>YES</string>
				<key>CLANG_WARN_OBJC_ROOT_CLASS</key>
				<string>YES_ERROR</string>
				<key>CLANG_WARN__DUPLICATE_METHOD_MATCH</key>
				<string>YES</string>
				<key>COPY_PHASE_STRIP</key>
				<string>YES</string>
				<key>ENABLE_NS_ASSERTIONS</key>
				<string>NO</string>
				<key>FRAMEWORK_SEARCH_PATHS</key>
				<array>
					<string>$(SDKROOT)/Developer/Library/Frameworks</string>
					<string>$(inherited)</string>
					<string>$(DEVELOPER_FRAMEWORKS_DIR)</string>
				</array>
				<key>GCC_C_LANGUAGE_STANDARD</key>
				<string>gnu99</string>
				<key>GCC_PRECOMPILE_PREFIX_HEADER</key>
				<string>YES</string>
				<key>GCC_PREFIX_HEADER</key>
				<string>PMValidationTests/PMValidationTests-Prefix.pch</string>
				<key>GCC_WARN_64_TO_32_BIT_CONVERSION</key>
				<string>YES</string>
				<key>GCC_WARN_ABOUT_RETURN_TYPE</key>
				<string>YES_ERROR</string>
				<key>GCC_WARN_UNDECLARED_SELECTOR</key>
				<string>YES</string>
				<key>GCC_WARN_UNINITIALIZED_AUTOS</key>
				<string>YES_AGGRESSIVE</string>
				<key>GCC_WARN_UNUSED_FUNCTION</key>
				<string>YES</string>
				<key>GCC_WARN_UNUSED_VARIABLE</key>
				<string>YES</string>
				<key>INFOPLIST_FILE</key>
				<string>PMValidationTests/PMValidationTests-Info.plist</string>
				<key>IPHONEOS_DEPLOYMENT_TARGET</key>
				<string>6.0</string>
				<key>PRODUCT_NAME</key>
				<string>$(TARGET_NAME)</string>
				<key>SDKROOT</key>
				<string>iphoneos</string>
				<key>VALIDATE_PRODUCT</key>
				<string>YES</string>
				<key>WRAPPER_EXTENSION</key>
				<string>xctest</string>
			</dict>
			<key>isa</key>
			<string>XCBuildConfiguration</string>
			<key>name</key>
			<string>Release</string>
		</dict>
		<key>8BFAF37D18E269B50031CB3E</key>
		<dict>
			<key>fileEncoding</key>
			<string>4</string>
			<key>isa</key>
			<string>PBXFileReference</string>
			<key>lastKnownFileType</key>
			<string>sourcecode.c.objc</string>
			<key>name</key>
			<string>PMValidationUnitSpec.m</string>
			<key>path</key>
			<string>Specs/PMValidationUnitSpec.m</string>
			<key>sourceTree</key>
			<string>&lt;group&gt;</string>
		</dict>
		<key>8BFAF37E18E269B50031CB3E</key>
		<dict>
			<key>fileRef</key>
			<string>8BFAF37D18E269B50031CB3E</string>
			<key>isa</key>
			<string>PBXBuildFile</string>
		</dict>
		<key>8BFAF37F18E3569C0031CB3E</key>
		<dict>
			<key>children</key>
			<array>
				<string>8BFAF38018E357580031CB3E</string>
				<string>8B88A04F18E3BC75006C2963</string>
				<string>8B88A05118E3C293006C2963</string>
				<string>8B88A05318E3D4BD006C2963</string>
				<string>8B88A05518E3F4D3006C2963</string>
			</array>
			<key>isa</key>
			<string>PBXGroup</string>
			<key>name</key>
			<string>Validation Types</string>
			<key>sourceTree</key>
			<string>&lt;group&gt;</string>
		</dict>
		<key>8BFAF38018E357580031CB3E</key>
		<dict>
			<key>fileEncoding</key>
			<string>4</string>
			<key>isa</key>
			<string>PBXFileReference</string>
			<key>lastKnownFileType</key>
			<string>sourcecode.c.objc</string>
			<key>name</key>
			<string>PMValidationLengthTypeSpec.m</string>
			<key>path</key>
			<string>Specs/PMValidationLengthTypeSpec.m</string>
			<key>sourceTree</key>
			<string>&lt;group&gt;</string>
		</dict>
		<key>8BFAF38118E357580031CB3E</key>
		<dict>
			<key>fileRef</key>
			<string>8BFAF38018E357580031CB3E</string>
			<key>isa</key>
			<string>PBXBuildFile</string>
		</dict>
		<key>B7CE0DA9606D469C86A39C7D</key>
		<dict>
			<key>fileRef</key>
			<string>6B2C487F85EE480AB486310F</string>
			<key>isa</key>
			<string>PBXBuildFile</string>
		</dict>
		<key>E6610D8A2398F9D3CA53614E</key>
		<dict>
			<key>includeInIndex</key>
			<string>1</string>
			<key>isa</key>
			<string>PBXFileReference</string>
			<key>lastKnownFileType</key>
			<string>text.xcconfig</string>
			<key>name</key>
			<string>Pods-PMValidationTests.release.xcconfig</string>
			<key>path</key>
			<string>Pods/Target Support Files/Pods-PMValidationTests/Pods-PMValidationTests.release.xcconfig</string>
			<key>sourceTree</key>
			<string>&lt;group&gt;</string>
		</dict>
		<key>E6FD88180A0F5E52DB28B52F</key>
		<dict>
			<key>includeInIndex</key>
			<string>1</string>
			<key>isa</key>
			<string>PBXFileReference</string>
			<key>lastKnownFileType</key>
			<string>text.xcconfig</string>
			<key>name</key>
			<string>Pods-PMValidationTests.debug.xcconfig</string>
			<key>path</key>
			<string>Pods/Target Support Files/Pods-PMValidationTests/Pods-PMValidationTests.debug.xcconfig</string>
			<key>sourceTree</key>
			<string>&lt;group&gt;</string>
		</dict>
	</dict>
	<key>rootObject</key>
	<string>8BF05A6E18E259830065A6DD</string>
</dict>
</plist>
