// !$*UTF8*$!
{
	archiveVersion = 1;
	classes = {
	};
	objectVersion = 46;
	objects = {

/* Begin PBXBuildFile section */
		8B1E1AC4165C73790023EB75 /* UIKit.framework in Frameworks */ = {isa = PBXBuildFile; fileRef = 8B1E1AC3165C73790023EB75 /* UIKit.framework */; };
		8B1E1AC6165C73790023EB75 /* Foundation.framework in Frameworks */ = {isa = PBXBuildFile; fileRef = 8B1E1AC5165C73790023EB75 /* Foundation.framework */; };
		8B1E1AC8165C73790023EB75 /* CoreGraphics.framework in Frameworks */ = {isa = PBXBuildFile; fileRef = 8B1E1AC7165C73790023EB75 /* CoreGraphics.framework */; };
		8B1E1ACE165C73790023EB75 /* InfoPlist.strings in Resources */ = {isa = PBXBuildFile; fileRef = 8B1E1ACC165C73790023EB75 /* InfoPlist.strings */; };
		8B1E1AD0165C73790023EB75 /* main.m in Sources */ = {isa = PBXBuildFile; fileRef = 8B1E1ACF165C73790023EB75 /* main.m */; };
		8B1E1AD4165C73790023EB75 /* PMAppDelegate.m in Sources */ = {isa = PBXBuildFile; fileRef = 8B1E1AD3165C73790023EB75 /* PMAppDelegate.m */; };
		8B1E1AD6165C73790023EB75 /* Default.png in Resources */ = {isa = PBXBuildFile; fileRef = 8B1E1AD5165C73790023EB75 /* Default.png */; };
		8B1E1AD8165C73790023EB75 /* Default@2x.png in Resources */ = {isa = PBXBuildFile; fileRef = 8B1E1AD7165C73790023EB75 /* Default@2x.png */; };
		8B1E1ADA165C73790023EB75 /* Default-568h@2x.png in Resources */ = {isa = PBXBuildFile; fileRef = 8B1E1AD9165C73790023EB75 /* Default-568h@2x.png */; };
		8B1E1AF7165C7CA60023EB75 /* PMValidationManager.m in Sources */ = {isa = PBXBuildFile; fileRef = 8B1E1AE8165C7CA60023EB75 /* PMValidationManager.m */; };
		8B1E1AFE165C7CA60023EB75 /* PMValidationUnit.m in Sources */ = {isa = PBXBuildFile; fileRef = 8B1E1AF6165C7CA60023EB75 /* PMValidationUnit.m */; };
		8B1E1B02165C866A0023EB75 /* ValidationDemoVC.m in Sources */ = {isa = PBXBuildFile; fileRef = 8B1E1B01165C866A0023EB75 /* ValidationDemoVC.m */; };
		8B1E1B10165CAE030023EB75 /* ValidationUnitStatusIndicatorVC.m in Sources */ = {isa = PBXBuildFile; fileRef = 8B1E1B0F165CAE030023EB75 /* ValidationUnitStatusIndicatorVC.m */; };
		8B1E1B69165CD27A0023EB75 /* invalid_icon.png in Resources */ = {isa = PBXBuildFile; fileRef = 8B1E1B67165CD27A0023EB75 /* invalid_icon.png */; };
		8B1E1B6A165CD27A0023EB75 /* invalid_icon@2x.png in Resources */ = {isa = PBXBuildFile; fileRef = 8B1E1B68165CD27A0023EB75 /* invalid_icon@2x.png */; };
		8BF4E1651662FB2C00011E97 /* PMValidationEmailType.m in Sources */ = {isa = PBXBuildFile; fileRef = 8BF4E15A1662FB2C00011E97 /* PMValidationEmailType.m */; };
		8BF4E1661662FB2C00011E97 /* PMValidationLengthType.m in Sources */ = {isa = PBXBuildFile; fileRef = 8BF4E15C1662FB2C00011E97 /* PMValidationLengthType.m */; };
		8BF4E1671662FB2C00011E97 /* PMValidationRegexType.m in Sources */ = {isa = PBXBuildFile; fileRef = 8BF4E15E1662FB2C00011E97 /* PMValidationRegexType.m */; };
		8BF4E1681662FB2C00011E97 /* PMValidationStringCompareType.m in Sources */ = {isa = PBXBuildFile; fileRef = 8BF4E1601662FB2C00011E97 /* PMValidationStringCompareType.m */; };
		8BF4E1691662FB2C00011E97 /* PMValidationType.m in Sources */ = {isa = PBXBuildFile; fileRef = 8BF4E1621662FB2C00011E97 /* PMValidationType.m */; };
		8BF4E16A1662FB2C00011E97 /* PMValidationUITextCompareType.m in Sources */ = {isa = PBXBuildFile; fileRef = 8BF4E1641662FB2C00011E97 /* PMValidationUITextCompareType.m */; };
/* End PBXBuildFile section */

/* Begin PBXFileReference section */
		8B1E1ABF165C73790023EB75 /* PMValidationDemo.app */ = {isa = PBXFileReference; explicitFileType = wrapper.application; includeInIndex = 0; path = PMValidationDemo.app; sourceTree = BUILT_PRODUCTS_DIR; };
		8B1E1AC3165C73790023EB75 /* UIKit.framework */ = {isa = PBXFileReference; lastKnownFileType = wrapper.framework; name = UIKit.framework; path = System/Library/Frameworks/UIKit.framework; sourceTree = SDKROOT; };
		8B1E1AC5165C73790023EB75 /* Foundation.framework */ = {isa = PBXFileReference; lastKnownFileType = wrapper.framework; name = Foundation.framework; path = System/Library/Frameworks/Foundation.framework; sourceTree = SDKROOT; };
		8B1E1AC7165C73790023EB75 /* CoreGraphics.framework */ = {isa = PBXFileReference; lastKnownFileType = wrapper.framework; name = CoreGraphics.framework; path = System/Library/Frameworks/CoreGraphics.framework; sourceTree = SDKROOT; };
		8B1E1ACB165C73790023EB75 /* PMValidationDemo-Info.plist */ = {isa = PBXFileReference; lastKnownFileType = text.plist.xml; path = "PMValidationDemo-Info.plist"; sourceTree = "<group>"; };
		8B1E1ACD165C73790023EB75 /* en */ = {isa = PBXFileReference; lastKnownFileType = text.plist.strings; name = en; path = en.lproj/InfoPlist.strings; sourceTree = "<group>"; };
		8B1E1ACF165C73790023EB75 /* main.m */ = {isa = PBXFileReference; lastKnownFileType = sourcecode.c.objc; path = main.m; sourceTree = "<group>"; };
		8B1E1AD1165C73790023EB75 /* PMValidationDemo-Prefix.pch */ = {isa = PBXFileReference; lastKnownFileType = sourcecode.c.h; path = "PMValidationDemo-Prefix.pch"; sourceTree = "<group>"; };
		8B1E1AD2165C73790023EB75 /* PMAppDelegate.h */ = {isa = PBXFileReference; lastKnownFileType = sourcecode.c.h; path = PMAppDelegate.h; sourceTree = "<group>"; };
		8B1E1AD3165C73790023EB75 /* PMAppDelegate.m */ = {isa = PBXFileReference; lastKnownFileType = sourcecode.c.objc; path = PMAppDelegate.m; sourceTree = "<group>"; };
		8B1E1AD5165C73790023EB75 /* Default.png */ = {isa = PBXFileReference; lastKnownFileType = image.png; path = Default.png; sourceTree = "<group>"; };
		8B1E1AD7165C73790023EB75 /* Default@2x.png */ = {isa = PBXFileReference; lastKnownFileType = image.png; path = "Default@2x.png"; sourceTree = "<group>"; };
		8B1E1AD9165C73790023EB75 /* Default-568h@2x.png */ = {isa = PBXFileReference; lastKnownFileType = image.png; path = "Default-568h@2x.png"; sourceTree = "<group>"; };
		8B1E1AE7165C7CA60023EB75 /* PMValidationManager.h */ = {isa = PBXFileReference; fileEncoding = 4; lastKnownFileType = sourcecode.c.h; lineEnding = 0; name = PMValidationManager.h; path = ../../Classes/PMValidationManager.h; sourceTree = "<group>"; xcLanguageSpecificationIdentifier = xcode.lang.objcpp; };
		8B1E1AE8165C7CA60023EB75 /* PMValidationManager.m */ = {isa = PBXFileReference; fileEncoding = 4; lastKnownFileType = sourcecode.c.objc; name = PMValidationManager.m; path = ../../Classes/PMValidationManager.m; sourceTree = "<group>"; };
		8B1E1AF5165C7CA60023EB75 /* PMValidationUnit.h */ = {isa = PBXFileReference; fileEncoding = 4; lastKnownFileType = sourcecode.c.h; name = PMValidationUnit.h; path = ../../Classes/PMValidationUnit.h; sourceTree = "<group>"; };
		8B1E1AF6165C7CA60023EB75 /* PMValidationUnit.m */ = {isa = PBXFileReference; fileEncoding = 4; lastKnownFileType = sourcecode.c.objc; name = PMValidationUnit.m; path = ../../Classes/PMValidationUnit.m; sourceTree = "<group>"; };
		8B1E1B00165C866A0023EB75 /* ValidationDemoVC.h */ = {isa = PBXFileReference; fileEncoding = 4; lastKnownFileType = sourcecode.c.h; name = ValidationDemoVC.h; path = Classes/ValidationDemoVC.h; sourceTree = "<group>"; };
		8B1E1B01165C866A0023EB75 /* ValidationDemoVC.m */ = {isa = PBXFileReference; fileEncoding = 4; lastKnownFileType = sourcecode.c.objc; name = ValidationDemoVC.m; path = Classes/ValidationDemoVC.m; sourceTree = "<group>"; };
		8B1E1B0E165CAE030023EB75 /* ValidationUnitStatusIndicatorVC.h */ = {isa = PBXFileReference; fileEncoding = 4; lastKnownFileType = sourcecode.c.h; name = ValidationUnitStatusIndicatorVC.h; path = Classes/ValidationUnitStatusIndicatorVC.h; sourceTree = "<group>"; };
		8B1E1B0F165CAE030023EB75 /* ValidationUnitStatusIndicatorVC.m */ = {isa = PBXFileReference; fileEncoding = 4; lastKnownFileType = sourcecode.c.objc; name = ValidationUnitStatusIndicatorVC.m; path = Classes/ValidationUnitStatusIndicatorVC.m; sourceTree = "<group>"; };
		8B1E1B67165CD27A0023EB75 /* invalid_icon.png */ = {isa = PBXFileReference; lastKnownFileType = image.png; path = invalid_icon.png; sourceTree = "<group>"; };
		8B1E1B68165CD27A0023EB75 /* invalid_icon@2x.png */ = {isa = PBXFileReference; lastKnownFileType = image.png; path = "invalid_icon@2x.png"; sourceTree = "<group>"; };
		8BF4E1591662FB2C00011E97 /* PMValidationEmailType.h */ = {isa = PBXFileReference; fileEncoding = 4; lastKnownFileType = sourcecode.c.h; path = PMValidationEmailType.h; sourceTree = "<group>"; };
		8BF4E15A1662FB2C00011E97 /* PMValidationEmailType.m */ = {isa = PBXFileReference; fileEncoding = 4; lastKnownFileType = sourcecode.c.objc; path = PMValidationEmailType.m; sourceTree = "<group>"; };
		8BF4E15B1662FB2C00011E97 /* PMValidationLengthType.h */ = {isa = PBXFileReference; fileEncoding = 4; lastKnownFileType = sourcecode.c.h; path = PMValidationLengthType.h; sourceTree = "<group>"; };
		8BF4E15C1662FB2C00011E97 /* PMValidationLengthType.m */ = {isa = PBXFileReference; fileEncoding = 4; lastKnownFileType = sourcecode.c.objc; path = PMValidationLengthType.m; sourceTree = "<group>"; };
		8BF4E15D1662FB2C00011E97 /* PMValidationRegexType.h */ = {isa = PBXFileReference; fileEncoding = 4; lastKnownFileType = sourcecode.c.h; path = PMValidationRegexType.h; sourceTree = "<group>"; };
		8BF4E15E1662FB2C00011E97 /* PMValidationRegexType.m */ = {isa = PBXFileReference; fileEncoding = 4; lastKnownFileType = sourcecode.c.objc; path = PMValidationRegexType.m; sourceTree = "<group>"; };
		8BF4E15F1662FB2C00011E97 /* PMValidationStringCompareType.h */ = {isa = PBXFileReference; fileEncoding = 4; lastKnownFileType = sourcecode.c.h; path = PMValidationStringCompareType.h; sourceTree = "<group>"; };
		8BF4E1601662FB2C00011E97 /* PMValidationStringCompareType.m */ = {isa = PBXFileReference; fileEncoding = 4; lastKnownFileType = sourcecode.c.objc; path = PMValidationStringCompareType.m; sourceTree = "<group>"; };
		8BF4E1611662FB2C00011E97 /* PMValidationType.h */ = {isa = PBXFileReference; fileEncoding = 4; lastKnownFileType = sourcecode.c.h; path = PMValidationType.h; sourceTree = "<group>"; };
		8BF4E1621662FB2C00011E97 /* PMValidationType.m */ = {isa = PBXFileReference; fileEncoding = 4; lastKnownFileType = sourcecode.c.objc; path = PMValidationType.m; sourceTree = "<group>"; };
		8BF4E1631662FB2C00011E97 /* PMValidationUITextCompareType.h */ = {isa = PBXFileReference; fileEncoding = 4; lastKnownFileType = sourcecode.c.h; path = PMValidationUITextCompareType.h; sourceTree = "<group>"; };
		8BF4E1641662FB2C00011E97 /* PMValidationUITextCompareType.m */ = {isa = PBXFileReference; fileEncoding = 4; lastKnownFileType = sourcecode.c.objc; path = PMValidationUITextCompareType.m; sourceTree = "<group>"; };
/* End PBXFileReference section */

/* Begin PBXFrameworksBuildPhase section */
		8B1E1ABC165C73790023EB75 /* Frameworks */ = {
			isa = PBXFrameworksBuildPhase;
			buildActionMask = 2147483647;
			files = (
				8B1E1AC4165C73790023EB75 /* UIKit.framework in Frameworks */,
				8B1E1AC6165C73790023EB75 /* Foundation.framework in Frameworks */,
				8B1E1AC8165C73790023EB75 /* CoreGraphics.framework in Frameworks */,
			);
			runOnlyForDeploymentPostprocessing = 0;
		};
/* End PBXFrameworksBuildPhase section */

/* Begin PBXGroup section */
		8B1E1AB4165C73790023EB75 = {
			isa = PBXGroup;
			children = (
				8B1E1AC9165C73790023EB75 /* PMValidationDemo */,
				8B1E1AC2165C73790023EB75 /* Frameworks */,
				8B1E1AC0165C73790023EB75 /* Products */,
			);
			sourceTree = "<group>";
		};
		8B1E1AC0165C73790023EB75 /* Products */ = {
			isa = PBXGroup;
			children = (
				8B1E1ABF165C73790023EB75 /* PMValidationDemo.app */,
			);
			name = Products;
			sourceTree = "<group>";
		};
		8B1E1AC2165C73790023EB75 /* Frameworks */ = {
			isa = PBXGroup;
			children = (
				8B1E1AC3165C73790023EB75 /* UIKit.framework */,
				8B1E1AC5165C73790023EB75 /* Foundation.framework */,
				8B1E1AC7165C73790023EB75 /* CoreGraphics.framework */,
			);
			name = Frameworks;
			sourceTree = "<group>";
		};
		8B1E1AC9165C73790023EB75 /* PMValidationDemo */ = {
			isa = PBXGroup;
			children = (
				8B1E1B66165CD27A0023EB75 /* Images */,
				8B1E1AFF165C86370023EB75 /* Classes */,
				8B1E1AE6165C7C7E0023EB75 /* PMValidation */,
				8B1E1AD2165C73790023EB75 /* PMAppDelegate.h */,
				8B1E1AD3165C73790023EB75 /* PMAppDelegate.m */,
				8B1E1ACA165C73790023EB75 /* Supporting Files */,
			);
			path = PMValidationDemo;
			sourceTree = "<group>";
		};
		8B1E1ACA165C73790023EB75 /* Supporting Files */ = {
			isa = PBXGroup;
			children = (
				8B1E1ACB165C73790023EB75 /* PMValidationDemo-Info.plist */,
				8B1E1ACC165C73790023EB75 /* InfoPlist.strings */,
				8B1E1ACF165C73790023EB75 /* main.m */,
				8B1E1AD1165C73790023EB75 /* PMValidationDemo-Prefix.pch */,
				8B1E1AD5165C73790023EB75 /* Default.png */,
				8B1E1AD7165C73790023EB75 /* Default@2x.png */,
				8B1E1AD9165C73790023EB75 /* Default-568h@2x.png */,
			);
			name = "Supporting Files";
			sourceTree = "<group>";
		};
		8B1E1AE6165C7C7E0023EB75 /* PMValidation */ = {
			isa = PBXGroup;
			children = (
				8BF4E1581662FB2C00011E97 /* ValidationTypes */,
				8B1E1AE7165C7CA60023EB75 /* PMValidationManager.h */,
				8B1E1AE8165C7CA60023EB75 /* PMValidationManager.m */,
				8B1E1AF5165C7CA60023EB75 /* PMValidationUnit.h */,
				8B1E1AF6165C7CA60023EB75 /* PMValidationUnit.m */,
			);
			name = PMValidation;
			sourceTree = "<group>";
		};
		8B1E1AFF165C86370023EB75 /* Classes */ = {
			isa = PBXGroup;
			children = (
				8B1E1B0E165CAE030023EB75 /* ValidationUnitStatusIndicatorVC.h */,
				8B1E1B0F165CAE030023EB75 /* ValidationUnitStatusIndicatorVC.m */,
				8B1E1B00165C866A0023EB75 /* ValidationDemoVC.h */,
				8B1E1B01165C866A0023EB75 /* ValidationDemoVC.m */,
			);
			name = Classes;
			sourceTree = "<group>";
		};
		8B1E1B66165CD27A0023EB75 /* Images */ = {
			isa = PBXGroup;
			children = (
				8B1E1B67165CD27A0023EB75 /* invalid_icon.png */,
				8B1E1B68165CD27A0023EB75 /* invalid_icon@2x.png */,
			);
			path = Images;
			sourceTree = "<group>";
		};
		8BF4E1581662FB2C00011E97 /* ValidationTypes */ = {
			isa = PBXGroup;
			children = (
				8BF4E1591662FB2C00011E97 /* PMValidationEmailType.h */,
				8BF4E15A1662FB2C00011E97 /* PMValidationEmailType.m */,
				8BF4E15B1662FB2C00011E97 /* PMValidationLengthType.h */,
				8BF4E15C1662FB2C00011E97 /* PMValidationLengthType.m */,
				8BF4E15D1662FB2C00011E97 /* PMValidationRegexType.h */,
				8BF4E15E1662FB2C00011E97 /* PMValidationRegexType.m */,
				8BF4E15F1662FB2C00011E97 /* PMValidationStringCompareType.h */,
				8BF4E1601662FB2C00011E97 /* PMValidationStringCompareType.m */,
				8BF4E1611662FB2C00011E97 /* PMValidationType.h */,
				8BF4E1621662FB2C00011E97 /* PMValidationType.m */,
				8BF4E1631662FB2C00011E97 /* PMValidationUITextCompareType.h */,
				8BF4E1641662FB2C00011E97 /* PMValidationUITextCompareType.m */,
			);
			name = ValidationTypes;
			path = ../../Classes/ValidationTypes;
			sourceTree = "<group>";
		};
/* End PBXGroup section */

/* Begin PBXNativeTarget section */
		8B1E1ABE165C73790023EB75 /* PMValidationDemo */ = {
			isa = PBXNativeTarget;
			buildConfigurationList = 8B1E1AE3165C73790023EB75 /* Build configuration list for PBXNativeTarget "PMValidationDemo" */;
			buildPhases = (
				8B1E1ABB165C73790023EB75 /* Sources */,
				8B1E1ABC165C73790023EB75 /* Frameworks */,
				8B1E1ABD165C73790023EB75 /* Resources */,
			);
			buildRules = (
			);
			dependencies = (
			);
			name = PMValidationDemo;
			productName = PMValidationDemo;
			productReference = 8B1E1ABF165C73790023EB75 /* PMValidationDemo.app */;
			productType = "com.apple.product-type.application";
		};
/* End PBXNativeTarget section */

/* Begin PBXProject section */
		8B1E1AB6165C73790023EB75 /* Project object */ = {
			isa = PBXProject;
			attributes = {
				CLASSPREFIX = "";
				LastUpgradeCheck = 0450;
				ORGANIZATIONNAME = "Poet & Mountain, LLC";
			};
			buildConfigurationList = 8B1E1AB9165C73790023EB75 /* Build configuration list for PBXProject "PMValidationDemo" */;
			compatibilityVersion = "Xcode 3.2";
			developmentRegion = English;
			hasScannedForEncodings = 0;
			knownRegions = (
				en,
			);
			mainGroup = 8B1E1AB4165C73790023EB75;
			productRefGroup = 8B1E1AC0165C73790023EB75 /* Products */;
			projectDirPath = "";
			projectRoot = "";
			targets = (
				8B1E1ABE165C73790023EB75 /* PMValidationDemo */,
			);
		};
/* End PBXProject section */

/* Begin PBXResourcesBuildPhase section */
		8B1E1ABD165C73790023EB75 /* Resources */ = {
			isa = PBXResourcesBuildPhase;
			buildActionMask = 2147483647;
			files = (
				8B1E1ACE165C73790023EB75 /* InfoPlist.strings in Resources */,
				8B1E1AD6165C73790023EB75 /* Default.png in Resources */,
				8B1E1AD8165C73790023EB75 /* Default@2x.png in Resources */,
				8B1E1ADA165C73790023EB75 /* Default-568h@2x.png in Resources */,
				8B1E1B69165CD27A0023EB75 /* invalid_icon.png in Resources */,
				8B1E1B6A165CD27A0023EB75 /* invalid_icon@2x.png in Resources */,
			);
			runOnlyForDeploymentPostprocessing = 0;
		};
/* End PBXResourcesBuildPhase section */

/* Begin PBXSourcesBuildPhase section */
		8B1E1ABB165C73790023EB75 /* Sources */ = {
			isa = PBXSourcesBuildPhase;
			buildActionMask = 2147483647;
			files = (
				8B1E1AD0165C73790023EB75 /* main.m in Sources */,
				8B1E1AD4165C73790023EB75 /* PMAppDelegate.m in Sources */,
				8B1E1AF7165C7CA60023EB75 /* PMValidationManager.m in Sources */,
				8B1E1AFE165C7CA60023EB75 /* PMValidationUnit.m in Sources */,
				8B1E1B02165C866A0023EB75 /* ValidationDemoVC.m in Sources */,
				8B1E1B10165CAE030023EB75 /* ValidationUnitStatusIndicatorVC.m in Sources */,
				8BF4E1651662FB2C00011E97 /* PMValidationEmailType.m in Sources */,
				8BF4E1661662FB2C00011E97 /* PMValidationLengthType.m in Sources */,
				8BF4E1671662FB2C00011E97 /* PMValidationRegexType.m in Sources */,
				8BF4E1681662FB2C00011E97 /* PMValidationStringCompareType.m in Sources */,
				8BF4E1691662FB2C00011E97 /* PMValidationType.m in Sources */,
				8BF4E16A1662FB2C00011E97 /* PMValidationUITextCompareType.m in Sources */,
			);
			runOnlyForDeploymentPostprocessing = 0;
		};
/* End PBXSourcesBuildPhase section */

/* Begin PBXVariantGroup section */
		8B1E1ACC165C73790023EB75 /* InfoPlist.strings */ = {
			isa = PBXVariantGroup;
			children = (
				8B1E1ACD165C73790023EB75 /* en */,
			);
			name = InfoPlist.strings;
			sourceTree = "<group>";
		};
/* End PBXVariantGroup section */

/* Begin XCBuildConfiguration section */
		8B1E1AE1165C73790023EB75 /* Debug */ = {
			isa = XCBuildConfiguration;
			buildSettings = {
				ALWAYS_SEARCH_USER_PATHS = NO;
				CLANG_CXX_LANGUAGE_STANDARD = "gnu++0x";
				CLANG_CXX_LIBRARY = "libc++";
				CLANG_WARN_EMPTY_BODY = YES;
				CLANG_WARN__DUPLICATE_METHOD_MATCH = YES;
				"CODE_SIGN_IDENTITY[sdk=iphoneos*]" = "iPhone Developer";
				COPY_PHASE_STRIP = NO;
				GCC_C_LANGUAGE_STANDARD = gnu99;
				GCC_DYNAMIC_NO_PIC = NO;
				GCC_OPTIMIZATION_LEVEL = 0;
				GCC_PREPROCESSOR_DEFINITIONS = (
					"DEBUG=1",
					"$(inherited)",
				);
				GCC_SYMBOLS_PRIVATE_EXTERN = NO;
				GCC_WARN_ABOUT_RETURN_TYPE = YES;
				GCC_WARN_UNINITIALIZED_AUTOS = YES;
				GCC_WARN_UNUSED_VARIABLE = YES;
				IPHONEOS_DEPLOYMENT_TARGET = 5.0;
				ONLY_ACTIVE_ARCH = YES;
				SDKROOT = iphoneos;
			};
			name = Debug;
		};
		8B1E1AE2165C73790023EB75 /* Release */ = {
			isa = XCBuildConfiguration;
			buildSettings = {
				ALWAYS_SEARCH_USER_PATHS = NO;
				CLANG_CXX_LANGUAGE_STANDARD = "gnu++0x";
				CLANG_CXX_LIBRARY = "libc++";
				CLANG_WARN_EMPTY_BODY = YES;
				CLANG_WARN__DUPLICATE_METHOD_MATCH = YES;
				"CODE_SIGN_IDENTITY[sdk=iphoneos*]" = "iPhone Developer";
				COPY_PHASE_STRIP = YES;
				GCC_C_LANGUAGE_STANDARD = gnu99;
				GCC_WARN_ABOUT_RETURN_TYPE = YES;
				GCC_WARN_UNINITIALIZED_AUTOS = YES;
				GCC_WARN_UNUSED_VARIABLE = YES;
				IPHONEOS_DEPLOYMENT_TARGET = 5.0;
				OTHER_CFLAGS = "-DNS_BLOCK_ASSERTIONS=1";
				SDKROOT = iphoneos;
				VALIDATE_PRODUCT = YES;
			};
			name = Release;
		};
		8B1E1AE4165C73790023EB75 /* Debug */ = {
			isa = XCBuildConfiguration;
			buildSettings = {
				CLANG_ENABLE_MODULES = YES;
				CLANG_ENABLE_OBJC_ARC = YES;
				GCC_PRECOMPILE_PREFIX_HEADER = YES;
				GCC_PREFIX_HEADER = "PMValidationDemo/PMValidationDemo-Prefix.pch";
				INFOPLIST_FILE = "PMValidationDemo/PMValidationDemo-Info.plist";
				IPHONEOS_DEPLOYMENT_TARGET = 6.0;
				PRODUCT_NAME = "$(TARGET_NAME)";
				WRAPPER_EXTENSION = app;
			};
			name = Debug;
		};
		8B1E1AE5165C73790023EB75 /* Release */ = {
			isa = XCBuildConfiguration;
			buildSettings = {
				CLANG_ENABLE_MODULES = YES;
				CLANG_ENABLE_OBJC_ARC = YES;
				GCC_PRECOMPILE_PREFIX_HEADER = YES;
				GCC_PREFIX_HEADER = "PMValidationDemo/PMValidationDemo-Prefix.pch";
				INFOPLIST_FILE = "PMValidationDemo/PMValidationDemo-Info.plist";
				IPHONEOS_DEPLOYMENT_TARGET = 6.0;
				PRODUCT_NAME = "$(TARGET_NAME)";
				WRAPPER_EXTENSION = app;
			};
			name = Release;
		};
/* End XCBuildConfiguration section */

/* Begin XCConfigurationList section */
		8B1E1AB9165C73790023EB75 /* Build configuration list for PBXProject "PMValidationDemo" */ = {
			isa = XCConfigurationList;
			buildConfigurations = (
				8B1E1AE1165C73790023EB75 /* Debug */,
				8B1E1AE2165C73790023EB75 /* Release */,
			);
			defaultConfigurationIsVisible = 0;
			defaultConfigurationName = Release;
		};
		8B1E1AE3165C73790023EB75 /* Build configuration list for PBXNativeTarget "PMValidationDemo" */ = {
			isa = XCConfigurationList;
			buildConfigurations = (
				8B1E1AE4165C73790023EB75 /* Debug */,
				8B1E1AE5165C73790023EB75 /* Release */,
			);
			defaultConfigurationIsVisible = 0;
			defaultConfigurationName = Release;
		};
/* End XCConfigurationList section */
	};
	rootObject = 8B1E1AB6165C73790023EB75 /* Project object */;
}
